<?xml version="1.0" encoding="utf-8"?>
<Project ToolsVersion="4.0" xmlns="http://schemas.microsoft.com/developer/msbuild/2003">
  <ItemGroup>
    <Filter Include="source">
      <UniqueIdentifier>{8e74f130-b3d0-4aee-8c3e-079d8ef8e4ce}</UniqueIdentifier>
      <Extensions>cpp;c;cxx;def;odl;idl;hpj;bat;asm</Extensions>
    </Filter>
    <Filter Include="include">
      <UniqueIdentifier>{eed9d9c9-a596-4c65-8533-d47b2b1f37be}</UniqueIdentifier>
      <Extensions>h;hpp;hxx;hm;inl;inc</Extensions>
    </Filter>
    <Filter Include="resource">
      <UniqueIdentifier>{d1cbf219-ec64-4bb2-a2b3-2a0c2d246242}</UniqueIdentifier>
      <Extensions>rc;ico;cur;bmp;dlg;rc2;rct;bin;rgs;jpg;jpeg;jpe;png;manifest</Extensions>
    </Filter>
  </ItemGroup>
  <ItemGroup>
    <None Include="res\HumberPhysicsGame.ico">
      <Filter>resource</Filter>
    </None>
    <None Include="..\Resources\CloseSelected.png">
      <Filter>resource</Filter>
    </None>
    <None Include="..\Resources\CloseNormal.png">
      <Filter>resource</Filter>
    </None>
    <None Include="..\Resources\HelloWorld.png">
      <Filter>resource</Filter>
    </None>
    <None Include="..\Resources\start.png">
      <Filter>resource</Filter>
    </None>
    <None Include="..\Resources\instructions.png">
      <Filter>resource</Filter>
    </None>
    <None Include="..\Resources\credits.png">
      <Filter>resource</Filter>
    </None>
    <None Include="..\Resources\options.png">
      <Filter>resource</Filter>
    </None>
    <None Include="..\Resources\piratebay.jpeg">
      <Filter>resource</Filter>
    </None>
    <None Include="..\Resources\bg.jpg">
      <Filter>resource</Filter>
    </None>
    <None Include="..\Resources\bg.png">
      <Filter>resource</Filter>
    </None>
    <None Include="..\Resources\DissonantWaltz.ogg">
      <Filter>resource</Filter>
    </None>
    <None Include="..\Resources\boom.wav">
      <Filter>resource</Filter>
    </None>
    <None Include="..\Resources\Wind.wav">
      <Filter>resource</Filter>
    </None>
  </ItemGroup>
  <ItemGroup>
    <ResourceCompile Include="HumberPhysicsGame.rc">
      <Filter>resource</Filter>
    </ResourceCompile>
  </ItemGroup>
  <ItemGroup>
    <ClInclude Include="resource.h">
      <Filter>include</Filter>
    </ClInclude>
    <ClInclude Include="main.h">
      <Filter>include</Filter>
    </ClInclude>
    <ClInclude Include="..\Classes\AppDelegate.h">
      <Filter>include</Filter>
    </ClInclude>
    <ClInclude Include="..\Classes\b2DebugDraw.h">
      <Filter>include</Filter>
    </ClInclude>
    <ClInclude Include="..\Classes\Globals.h">
      <Filter>include</Filter>
    </ClInclude>
    <ClInclude Include="..\Classes\BouyancyContactListener.h">
      <Filter>include</Filter>
    </ClInclude>
    <ClInclude Include="..\Classes\BouyancyFunctions.h">
      <Filter>include</Filter>
    </ClInclude>
    <ClInclude Include="..\Classes\Camera.h">
      <Filter>include</Filter>
    </ClInclude>
    <ClInclude Include="..\Classes\GameObject.h">
      <Filter>include</Filter>
    </ClInclude>
    <ClInclude Include="..\Classes\GameWorld.h">
      <Filter>include</Filter>
    </ClInclude>
    <ClInclude Include="..\Classes\GB2ShapeCache-x.h">
      <Filter>include</Filter>
    </ClInclude>
    <ClInclude Include="..\Classes\GameScene.h">
      <Filter>include</Filter>
    </ClInclude>
    <ClInclude Include="Ship.h">
      <Filter>include</Filter>
    </ClInclude>
    <ClInclude Include="Projectile.h">
      <Filter>include</Filter>
    </ClInclude>
    <ClInclude Include="..\Classes\StartMenu.h">
      <Filter>include</Filter>
    </ClInclude>
  </ItemGroup>
  <ItemGroup>
    <ClCompile Include="main.cpp">
      <Filter>source</Filter>
    </ClCompile>
    <ClCompile Include="..\Classes\AppDelegate.cpp">
      <Filter>source</Filter>
    </ClCompile>
    <ClCompile Include="..\Classes\b2DebugDraw.cpp">
      <Filter>source</Filter>
    </ClCompile>
    <ClCompile Include="..\Classes\Globals.cpp">
      <Filter>source</Filter>
    </ClCompile>
    <ClCompile Include="..\Classes\BouyancyContactListener.cpp">
      <Filter>source</Filter>
    </ClCompile>
    <ClCompile Include="..\Classes\Camera.cpp">
      <Filter>source</Filter>
    </ClCompile>
    <ClCompile Include="..\Classes\GameObject.cpp">
      <Filter>source</Filter>
    </ClCompile>
    <ClCompile Include="..\Classes\GameWorld.cpp">
      <Filter>source</Filter>
    </ClCompile>
    <ClCompile Include="..\Classes\GB2ShapeCache-x.cpp">
      <Filter>source</Filter>
    </ClCompile>
    <ClCompile Include="..\Classes\GameScene.cpp">
      <Filter>source</Filter>
    </ClCompile>
    <ClCompile Include="Ship.cpp">
      <Filter>source</Filter>
    </ClCompile>
    <ClCompile Include="Projectile.cpp">
      <Filter>source</Filter>
    </ClCompile>
    <ClCompile Include="..\Classes\StartMenu.cpp">
      <Filter>source</Filter>
    </ClCompile>
  </ItemGroup>
</Project>